
Microsoft Visual Studio Solution File, Format Version 12.00
# Visual Studio Version 17
VisualStudioVersion = 17.4.33103.184
MinimumVisualStudioVersion = 10.0.40219.1
Project("{FAE04EC0-301F-11D3-BF4B-00C04F79EFBC}") = "DoAnCoSo", "DoAnCoSo\DoAnCoSo.csproj", "{BAF21FE2-0F7C-4170-96DE-AA691A6909B1}"
EndProject
Global
	GlobalSection(SolutionConfigurationPlatforms) = preSolution
		Debug|Any CPU = Debug|Any CPU
		Release|Any CPU = Release|Any CPU
	EndGlobalSection
	GlobalSection(ProjectConfigurationPlatforms) = postSolution
		{BAF21FE2-0F7C-4170-96DE-AA691A6909B1}.Debug|Any CPU.ActiveCfg = Debug|Any CPU
		{BAF21FE2-0F7C-4170-96DE-AA691A6909B1}.Debug|Any CPU.Build.0 = Debug|Any CPU
		{BAF21FE2-0F7C-4170-96DE-AA691A6909B1}.Release|Any CPU.ActiveCfg = Release|Any CPU
		{BAF21FE2-0F7C-4170-96DE-AA691A6909B1}.Release|Any CPU.Build.0 = Release|Any CPU
	EndGlobalSection
	GlobalSection(SolutionProperties) = preSolution
		HideSolutionNode = FALSE
	EndGlobalSection
	GlobalSection(ExtensibilityGlobals) = postSolution
		SolutionGuid = {EA9098EF-9475-4049-8E32-A815E8C416BA}
	EndGlobalSection
EndGlobal
